
Microsoft Visual Studio Solution File, Format Version 12.00
# Visual Studio Version 17
VisualStudioVersion = 17.7.34003.232
MinimumVisualStudioVersion = 10.0.40219.1
Project("{9A19103F-16F7-4668-BE54-9A1E7A4F7556}") = "ConsoleNexusEngine", "ConsoleNexusEngine\ConsoleNexusEngine.csproj", "{925850BE-05FC-47A1-BF0A-3A537B064368}"
EndProject
Project("{9A19103F-16F7-4668-BE54-9A1E7A4F7556}") = "ConsoleNexusTests", "ConsoleNexusTests\ConsoleNexusTests.csproj", "{1A62C03B-C76A-4FE1-9313-3F8689C40DD9}"
EndProject
Project("{2150E333-8FDC-42A3-9474-1A3956D46DE8}") = "Solution Items", "Solution Items", "{282B89BE-405E-4A2F-B622-34E6C0A3B561}"
	ProjectSection(SolutionItems) = preProject
		ConsoleNexusEngine\.editorconfig = ConsoleNexusEngine\.editorconfig
	EndProjectSection
EndProject
Project("{9A19103F-16F7-4668-BE54-9A1E7A4F7556}") = "ConsoleNexusWPFTests", "ConsoleNexusWPFTests\ConsoleNexusWPFTests.csproj", "{F46CD2D4-F419-429D-AD01-40E76FB11AB4}"
EndProject
Global
	GlobalSection(SolutionConfigurationPlatforms) = preSolution
		Debug|Any CPU = Debug|Any CPU
		Release|Any CPU = Release|Any CPU
	EndGlobalSection
	GlobalSection(ProjectConfigurationPlatforms) = postSolution
		{925850BE-05FC-47A1-BF0A-3A537B064368}.Debug|Any CPU.ActiveCfg = Debug|Any CPU
		{925850BE-05FC-47A1-BF0A-3A537B064368}.Debug|Any CPU.Build.0 = Debug|Any CPU
		{925850BE-05FC-47A1-BF0A-3A537B064368}.Release|Any CPU.ActiveCfg = Release|Any CPU
		{925850BE-05FC-47A1-BF0A-3A537B064368}.Release|Any CPU.Build.0 = Release|Any CPU
		{1A62C03B-C76A-4FE1-9313-3F8689C40DD9}.Debug|Any CPU.ActiveCfg = Debug|Any CPU
		{1A62C03B-C76A-4FE1-9313-3F8689C40DD9}.Debug|Any CPU.Build.0 = Debug|Any CPU
		{1A62C03B-C76A-4FE1-9313-3F8689C40DD9}.Release|Any CPU.ActiveCfg = Release|Any CPU
		{1A62C03B-C76A-4FE1-9313-3F8689C40DD9}.Release|Any CPU.Build.0 = Release|Any CPU
		{F46CD2D4-F419-429D-AD01-40E76FB11AB4}.Debug|Any CPU.ActiveCfg = Debug|Any CPU
		{F46CD2D4-F419-429D-AD01-40E76FB11AB4}.Debug|Any CPU.Build.0 = Debug|Any CPU
		{F46CD2D4-F419-429D-AD01-40E76FB11AB4}.Release|Any CPU.ActiveCfg = Release|Any CPU
		{F46CD2D4-F419-429D-AD01-40E76FB11AB4}.Release|Any CPU.Build.0 = Release|Any CPU
	EndGlobalSection
	GlobalSection(SolutionProperties) = preSolution
		HideSolutionNode = FALSE
	EndGlobalSection
	GlobalSection(ExtensibilityGlobals) = postSolution
		SolutionGuid = {8A195E35-98D1-422F-A396-A100938986E2}
	EndGlobalSection
EndGlobal
